
Microsoft Visual Studio Solution File, Format Version 12.00
# Visual Studio Version 17
VisualStudioVersion = 17.6.33513.286
MinimumVisualStudioVersion = 10.0.40219.1
Project("{FAE04EC0-301F-11D3-BF4B-00C04F79EFBC}") = "BasicActivityM3Net7", "BasicActivityM3Net7.csproj", "{135D4498-4742-49DF-9BEB-89525B83355F}"
EndProject
Global
	GlobalSection(SolutionConfigurationPlatforms) = preSolution
		Debug|Any CPU = Debug|Any CPU
		Release|Any CPU = Release|Any CPU
	EndGlobalSection
	GlobalSection(ProjectConfigurationPlatforms) = postSolution
		{135D4498-4742-49DF-9BEB-89525B83355F}.Debug|Any CPU.ActiveCfg = Debug|Any CPU
		{135D4498-4742-49DF-9BEB-89525B83355F}.Debug|Any CPU.Build.0 = Debug|Any CPU
		{135D4498-4742-49DF-9BEB-89525B83355F}.Debug|Any CPU.Deploy.0 = Debug|Any CPU
		{135D4498-4742-49DF-9BEB-89525B83355F}.Release|Any CPU.ActiveCfg = Release|Any CPU
		{135D4498-4742-49DF-9BEB-89525B83355F}.Release|Any CPU.Build.0 = Release|Any CPU
		{135D4498-4742-49DF-9BEB-89525B83355F}.Release|Any CPU.Deploy.0 = Release|Any CPU
	EndGlobalSection
	GlobalSection(SolutionProperties) = preSolution
		HideSolutionNode = FALSE
	EndGlobalSection
	GlobalSection(ExtensibilityGlobals) = postSolution
		SolutionGuid = {0A4BBF36-D16C-4E60-A145-C9B74BF595EE}
	EndGlobalSection
EndGlobal
